schema: '2.0'
stages:
  data_ingestion:
    cmd: python src/CNN_Classifier/pipeline/stage_01_data_ingestion.py
    deps:
    - path: config/config.yaml
      hash: md5
      md5: 3f6a545eeb1024e925ea5d0f0bbca5c4
      size: 819
    - path: src/CNN_Classifier/pipeline/stage_01_data_ingestion.py
      hash: md5
      md5: 0ad979055ecd146e503bc585ee80d596
      size: 904
    outs:
    - path: artifacts/data_ingestion/Chicken-fecal-images
      hash: md5
      md5: 9e1f8dd2eae3c29e9d635df89d438ae4.dir
      size: 12207807
      nfiles: 390
  prepare_base_model:
    cmd: python src/CNN_Classifier/pipeline/stage_02_prepare_base_model.py
    deps:
    - path: config/config.yaml
      hash: md5
      md5: 3f6a545eeb1024e925ea5d0f0bbca5c4
      size: 819
    - path: src/CNN_Classifier/pipeline/stage_02_prepare_base_model.py
      hash: md5
      md5: ea69ef7c2746c5c42658c309e66f99b3
      size: 989
    params:
      params.yaml:
        CLASSES: 2
        IMAGE_SIZE:
        - 224
        - 224
        - 3
        INCLUDE_TOP: false
        LEARNING_RATE: 0.01
        WEIGHTS: imagenet
    outs:
    - path: artifacts/prepare_base_model
      hash: md5
      md5: 6c2a493f2a5255dea7c21b679ed05eb3.dir
      size: 118061401
      nfiles: 2
  training:
    cmd: python src/CNN_Classifier/pipeline/stage_03_training.py
    deps:
    - path: artifacts/data_ingestion/Chicken-fecal-images
      hash: md5
      md5: 9e1f8dd2eae3c29e9d635df89d438ae4.dir
      size: 12207807
      nfiles: 390
    - path: artifacts/prepare_base_model
      hash: md5
      md5: 6c2a493f2a5255dea7c21b679ed05eb3.dir
      size: 118061401
      nfiles: 2
    - path: config/config.yaml
      hash: md5
      md5: 3f6a545eeb1024e925ea5d0f0bbca5c4
      size: 819
    - path: src/CNN_Classifier/components/prepared_callbacks.py
      hash: md5
      md5: e15428907bd23b4ae77e5224962c6ead
      size: 1015
    - path: src/CNN_Classifier/pipeline/stage_02_prepare_base_model.py
      hash: md5
      md5: ea69ef7c2746c5c42658c309e66f99b3
      size: 989
    - path: src/CNN_Classifier/pipeline/stage_03_training.py
      hash: md5
      md5: 9487c7a73a2e92b2d5ba50809c3c37f1
      size: 1235
    params:
      params.yaml:
        AUGMENTATION: true
        BATCH_SIZE: 16
        EPOCHS: 10
        IMAGE_SIZE:
        - 224
        - 224
        - 3
    outs:
    - path: artifacts/training/model.keras
      hash: md5
      md5: afc4262e74a09ac85467a6f3ab5ae23e
      size: 59135201
  evaluation:
    cmd: python src/CNN_Classifier/pipeline/stage_04_evaluation.py
    deps:
    - path: artifacts/data_ingestion/Chicken-fecal-images
      hash: md5
      md5: 9e1f8dd2eae3c29e9d635df89d438ae4.dir
      size: 12207807
      nfiles: 390
    - path: artifacts/training/model.keras
      hash: md5
      md5: afc4262e74a09ac85467a6f3ab5ae23e
      size: 59135201
    - path: config/config.yaml
      hash: md5
      md5: 3f6a545eeb1024e925ea5d0f0bbca5c4
      size: 819
    - path: src/CNN_Classifier/pipeline/stage_04_evaluation.py
      hash: md5
      md5: 75578f7a0e44cd01b08abdd81a6961d2
      size: 864
    params:
      params.yaml:
        BATCH_SIZE: 16
        IMAGE_SIZE:
        - 224
        - 224
        - 3
    outs:
    - path: scores.json
      hash: md5
      md5: 03b7c0998b6b1d8f90ed912a5008a80f
      size: 73
